
Microsoft Visual Studio Solution File, Format Version 12.00
# Visual Studio Version 16
VisualStudioVersion = 16.0.31019.35
MinimumVisualStudioVersion = 10.0.40219.1
Project("{FAE04EC0-301F-11D3-BF4B-00C04F79EFBC}") = "MvcReactTest", "MvcReactTest\MvcReactTest.csproj", "{A8305261-4EE3-4321-8E10-8B2A4C5100CB}"
EndProject
Global
	GlobalSection(SolutionConfigurationPlatforms) = preSolution
		Debug|Any CPU = Debug|Any CPU
		Release|Any CPU = Release|Any CPU
	EndGlobalSection
	GlobalSection(ProjectConfigurationPlatforms) = postSolution
		{A8305261-4EE3-4321-8E10-8B2A4C5100CB}.Debug|Any CPU.ActiveCfg = Debug|Any CPU
		{A8305261-4EE3-4321-8E10-8B2A4C5100CB}.Debug|Any CPU.Build.0 = Debug|Any CPU
		{A8305261-4EE3-4321-8E10-8B2A4C5100CB}.Release|Any CPU.ActiveCfg = Release|Any CPU
		{A8305261-4EE3-4321-8E10-8B2A4C5100CB}.Release|Any CPU.Build.0 = Release|Any CPU
	EndGlobalSection
	GlobalSection(SolutionProperties) = preSolution
		HideSolutionNode = FALSE
	EndGlobalSection
	GlobalSection(ExtensibilityGlobals) = postSolution
		SolutionGuid = {D27FA045-85B8-4CFA-B708-9DEA8A95A54D}
	EndGlobalSection
EndGlobal
